
Microsoft Visual Studio Solution File, Format Version 12.00
# Visual Studio Version 17
VisualStudioVersion = 17.0.31903.59
MinimumVisualStudioVersion = 10.0.40219.1
Project("{2150E333-8FDC-42A3-9474-1A3956D46DE8}") = "src", "src", "{827E0CD3-B72D-47B6-A68D-7590B98EB39B}"
EndProject
Project("{FAE04EC0-301F-11D3-BF4B-00C04F79EFBC}") = "Loadstone.Api", "src\Loadstone.Api\Loadstone.Api.csproj", "{20A1B6A6-93D0-4596-BFE3-BCACC73EE21D}"
EndProject
Project("{FAE04EC0-301F-11D3-BF4B-00C04F79EFBC}") = "Loadstone.Core", "src\Loadstone.Core\Loadstone.Core.csproj", "{68C34CB1-750C-4619-9BC7-9FC0AC3B8B54}"
EndProject
Project("{FAE04EC0-301F-11D3-BF4B-00C04F79EFBC}") = "Loadstone.Readers", "src\Loadstone.Readers\Loadstone.Readers.csproj", "{93B04836-ABC4-4924-A1DA-AE9FFC445B89}"
EndProject
Project("{FAE04EC0-301F-11D3-BF4B-00C04F79EFBC}") = "Loadstone.Runtime", "src\Loadstone.Runtime\Loadstone.Runtime.csproj", "{826D6059-821B-409C-BD27-25FCEE42F3FF}"
EndProject
Project("{FAE04EC0-301F-11D3-BF4B-00C04F79EFBC}") = "Loadstone.SqlServer", "src\Loadstone.SqlServer\Loadstone.SqlServer.csproj", "{D4D6E682-11F0-416C-80FC-17FA5053CE26}"
EndProject
Project("{2150E333-8FDC-42A3-9474-1A3956D46DE8}") = "tests", "tests", "{0AB3BF05-4346-4AA6-1389-037BE0695223}"
EndProject
Project("{FAE04EC0-301F-11D3-BF4B-00C04F79EFBC}") = "Loadstone.Tests", "tests\Loadstone.Tests\Loadstone.Tests.csproj", "{A47CDF91-A1DA-40FF-B282-AF8711CBC69A}"
EndProject
Global
	GlobalSection(SolutionConfigurationPlatforms) = preSolution
		Debug|Any CPU = Debug|Any CPU
		Debug|x64 = Debug|x64
		Debug|x86 = Debug|x86
		Release|Any CPU = Release|Any CPU
		Release|x64 = Release|x64
		Release|x86 = Release|x86
	EndGlobalSection
	GlobalSection(ProjectConfigurationPlatforms) = postSolution
		{20A1B6A6-93D0-4596-BFE3-BCACC73EE21D}.Debug|Any CPU.ActiveCfg = Debug|Any CPU
		{20A1B6A6-93D0-4596-BFE3-BCACC73EE21D}.Debug|Any CPU.Build.0 = Debug|Any CPU
		{20A1B6A6-93D0-4596-BFE3-BCACC73EE21D}.Debug|x64.ActiveCfg = Debug|Any CPU
		{20A1B6A6-93D0-4596-BFE3-BCACC73EE21D}.Debug|x64.Build.0 = Debug|Any CPU
		{20A1B6A6-93D0-4596-BFE3-BCACC73EE21D}.Debug|x86.ActiveCfg = Debug|Any CPU
		{20A1B6A6-93D0-4596-BFE3-BCACC73EE21D}.Debug|x86.Build.0 = Debug|Any CPU
		{20A1B6A6-93D0-4596-BFE3-BCACC73EE21D}.Release|Any CPU.ActiveCfg = Release|Any CPU
		{20A1B6A6-93D0-4596-BFE3-BCACC73EE21D}.Release|Any CPU.Build.0 = Release|Any CPU
		{20A1B6A6-93D0-4596-BFE3-BCACC73EE21D}.Release|x64.ActiveCfg = Release|Any CPU
		{20A1B6A6-93D0-4596-BFE3-BCACC73EE21D}.Release|x64.Build.0 = Release|Any CPU
		{20A1B6A6-93D0-4596-BFE3-BCACC73EE21D}.Release|x86.ActiveCfg = Release|Any CPU
		{20A1B6A6-93D0-4596-BFE3-BCACC73EE21D}.Release|x86.Build.0 = Release|Any CPU
		{68C34CB1-750C-4619-9BC7-9FC0AC3B8B54}.Debug|Any CPU.ActiveCfg = Debug|Any CPU
		{68C34CB1-750C-4619-9BC7-9FC0AC3B8B54}.Debug|Any CPU.Build.0 = Debug|Any CPU
		{68C34CB1-750C-4619-9BC7-9FC0AC3B8B54}.Debug|x64.ActiveCfg = Debug|Any CPU
		{68C34CB1-750C-4619-9BC7-9FC0AC3B8B54}.Debug|x64.Build.0 = Debug|Any CPU
		{68C34CB1-750C-4619-9BC7-9FC0AC3B8B54}.Debug|x86.ActiveCfg = Debug|Any CPU
		{68C34CB1-750C-4619-9BC7-9FC0AC3B8B54}.Debug|x86.Build.0 = Debug|Any CPU
		{68C34CB1-750C-4619-9BC7-9FC0AC3B8B54}.Release|Any CPU.ActiveCfg = Release|Any CPU
		{68C34CB1-750C-4619-9BC7-9FC0AC3B8B54}.Release|Any CPU.Build.0 = Release|Any CPU
		{68C34CB1-750C-4619-9BC7-9FC0AC3B8B54}.Release|x64.ActiveCfg = Release|Any CPU
		{68C34CB1-750C-4619-9BC7-9FC0AC3B8B54}.Release|x64.Build.0 = Release|Any CPU
		{68C34CB1-750C-4619-9BC7-9FC0AC3B8B54}.Release|x86.ActiveCfg = Release|Any CPU
		{68C34CB1-750C-4619-9BC7-9FC0AC3B8B54}.Release|x86.Build.0 = Release|Any CPU
		{93B04836-ABC4-4924-A1DA-AE9FFC445B89}.Debug|Any CPU.ActiveCfg = Debug|Any CPU
		{93B04836-ABC4-4924-A1DA-AE9FFC445B89}.Debug|Any CPU.Build.0 = Debug|Any CPU
		{93B04836-ABC4-4924-A1DA-AE9FFC445B89}.Debug|x64.ActiveCfg = Debug|Any CPU
		{93B04836-ABC4-4924-A1DA-AE9FFC445B89}.Debug|x64.Build.0 = Debug|Any CPU
		{93B04836-ABC4-4924-A1DA-AE9FFC445B89}.Debug|x86.ActiveCfg = Debug|Any CPU
		{93B04836-ABC4-4924-A1DA-AE9FFC445B89}.Debug|x86.Build.0 = Debug|Any CPU
		{93B04836-ABC4-4924-A1DA-AE9FFC445B89}.Release|Any CPU.ActiveCfg = Release|Any CPU
		{93B04836-ABC4-4924-A1DA-AE9FFC445B89}.Release|Any CPU.Build.0 = Release|Any CPU
		{93B04836-ABC4-4924-A1DA-AE9FFC445B89}.Release|x64.ActiveCfg = Release|Any CPU
		{93B04836-ABC4-4924-A1DA-AE9FFC445B89}.Release|x64.Build.0 = Release|Any CPU
		{93B04836-ABC4-4924-A1DA-AE9FFC445B89}.Release|x86.ActiveCfg = Release|Any CPU
		{93B04836-ABC4-4924-A1DA-AE9FFC445B89}.Release|x86.Build.0 = Release|Any CPU
		{826D6059-821B-409C-BD27-25FCEE42F3FF}.Debug|Any CPU.ActiveCfg = Debug|Any CPU
		{826D6059-821B-409C-BD27-25FCEE42F3FF}.Debug|Any CPU.Build.0 = Debug|Any CPU
		{826D6059-821B-409C-BD27-25FCEE42F3FF}.Debug|x64.ActiveCfg = Debug|Any CPU
		{826D6059-821B-409C-BD27-25FCEE42F3FF}.Debug|x64.Build.0 = Debug|Any CPU
		{826D6059-821B-409C-BD27-25FCEE42F3FF}.Debug|x86.ActiveCfg = Debug|Any CPU
		{826D6059-821B-409C-BD27-25FCEE42F3FF}.Debug|x86.Build.0 = Debug|Any CPU
		{826D6059-821B-409C-BD27-25FCEE42F3FF}.Release|Any CPU.ActiveCfg = Release|Any CPU
		{826D6059-821B-409C-BD27-25FCEE42F3FF}.Release|Any CPU.Build.0 = Release|Any CPU
		{826D6059-821B-409C-BD27-25FCEE42F3FF}.Release|x64.ActiveCfg = Release|Any CPU
		{826D6059-821B-409C-BD27-25FCEE42F3FF}.Release|x64.Build.0 = Release|Any CPU
		{826D6059-821B-409C-BD27-25FCEE42F3FF}.Release|x86.ActiveCfg = Release|Any CPU
		{826D6059-821B-409C-BD27-25FCEE42F3FF}.Release|x86.Build.0 = Release|Any CPU
		{D4D6E682-11F0-416C-80FC-17FA5053CE26}.Debug|Any CPU.ActiveCfg = Debug|Any CPU
		{D4D6E682-11F0-416C-80FC-17FA5053CE26}.Debug|Any CPU.Build.0 = Debug|Any CPU
		{D4D6E682-11F0-416C-80FC-17FA5053CE26}.Debug|x64.ActiveCfg = Debug|Any CPU
		{D4D6E682-11F0-416C-80FC-17FA5053CE26}.Debug|x64.Build.0 = Debug|Any CPU
		{D4D6E682-11F0-416C-80FC-17FA5053CE26}.Debug|x86.ActiveCfg = Debug|Any CPU
		{D4D6E682-11F0-416C-80FC-17FA5053CE26}.Debug|x86.Build.0 = Debug|Any CPU
		{D4D6E682-11F0-416C-80FC-17FA5053CE26}.Release|Any CPU.ActiveCfg = Release|Any CPU
		{D4D6E682-11F0-416C-80FC-17FA5053CE26}.Release|Any CPU.Build.0 = Release|Any CPU
		{D4D6E682-11F0-416C-80FC-17FA5053CE26}.Release|x64.ActiveCfg = Release|Any CPU
		{D4D6E682-11F0-416C-80FC-17FA5053CE26}.Release|x64.Build.0 = Release|Any CPU
		{D4D6E682-11F0-416C-80FC-17FA5053CE26}.Release|x86.ActiveCfg = Release|Any CPU
		{D4D6E682-11F0-416C-80FC-17FA5053CE26}.Release|x86.Build.0 = Release|Any CPU
		{A47CDF91-A1DA-40FF-B282-AF8711CBC69A}.Debug|Any CPU.ActiveCfg = Debug|Any CPU
		{A47CDF91-A1DA-40FF-B282-AF8711CBC69A}.Debug|Any CPU.Build.0 = Debug|Any CPU
		{A47CDF91-A1DA-40FF-B282-AF8711CBC69A}.Debug|x64.ActiveCfg = Debug|Any CPU
		{A47CDF91-A1DA-40FF-B282-AF8711CBC69A}.Debug|x64.Build.0 = Debug|Any CPU
		{A47CDF91-A1DA-40FF-B282-AF8711CBC69A}.Debug|x86.ActiveCfg = Debug|Any CPU
		{A47CDF91-A1DA-40FF-B282-AF8711CBC69A}.Debug|x86.Build.0 = Debug|Any CPU
		{A47CDF91-A1DA-40FF-B282-AF8711CBC69A}.Release|Any CPU.ActiveCfg = Release|Any CPU
		{A47CDF91-A1DA-40FF-B282-AF8711CBC69A}.Release|Any CPU.Build.0 = Release|Any CPU
		{A47CDF91-A1DA-40FF-B282-AF8711CBC69A}.Release|x64.ActiveCfg = Release|Any CPU
		{A47CDF91-A1DA-40FF-B282-AF8711CBC69A}.Release|x64.Build.0 = Release|Any CPU
		{A47CDF91-A1DA-40FF-B282-AF8711CBC69A}.Release|x86.ActiveCfg = Release|Any CPU
		{A47CDF91-A1DA-40FF-B282-AF8711CBC69A}.Release|x86.Build.0 = Release|Any CPU
	EndGlobalSection
	GlobalSection(SolutionProperties) = preSolution
		HideSolutionNode = FALSE
	EndGlobalSection
	GlobalSection(NestedProjects) = preSolution
		{20A1B6A6-93D0-4596-BFE3-BCACC73EE21D} = {827E0CD3-B72D-47B6-A68D-7590B98EB39B}
		{68C34CB1-750C-4619-9BC7-9FC0AC3B8B54} = {827E0CD3-B72D-47B6-A68D-7590B98EB39B}
		{93B04836-ABC4-4924-A1DA-AE9FFC445B89} = {827E0CD3-B72D-47B6-A68D-7590B98EB39B}
		{826D6059-821B-409C-BD27-25FCEE42F3FF} = {827E0CD3-B72D-47B6-A68D-7590B98EB39B}
		{D4D6E682-11F0-416C-80FC-17FA5053CE26} = {827E0CD3-B72D-47B6-A68D-7590B98EB39B}
		{A47CDF91-A1DA-40FF-B282-AF8711CBC69A} = {0AB3BF05-4346-4AA6-1389-037BE0695223}
	EndGlobalSection
EndGlobal
